
Microsoft Visual Studio Solution File, Format Version 12.00
# Visual Studio Version 17
VisualStudioVersion = 17.0.31903.59
MinimumVisualStudioVersion = 10.0.40219.1
Project("{FAE04EC0-301F-11D3-BF4B-00C04F79EFBC}") = "AdventOfCode", "AdventOfCode\AdventOfCode.csproj", "{50EDA036-9AAB-489E-8FC6-C25A3DC9757E}"
EndProject
Global
	GlobalSection(SolutionConfigurationPlatforms) = preSolution
		Debug|Any CPU = Debug|Any CPU
		Release|Any CPU = Release|Any CPU
	EndGlobalSection
	GlobalSection(ProjectConfigurationPlatforms) = postSolution
		{50EDA036-9AAB-489E-8FC6-C25A3DC9757E}.Debug|Any CPU.ActiveCfg = Debug|Any CPU
		{50EDA036-9AAB-489E-8FC6-C25A3DC9757E}.Debug|Any CPU.Build.0 = Debug|Any CPU
		{50EDA036-9AAB-489E-8FC6-C25A3DC9757E}.Release|Any CPU.ActiveCfg = Release|Any CPU
		{50EDA036-9AAB-489E-8FC6-C25A3DC9757E}.Release|Any CPU.Build.0 = Release|Any CPU
	EndGlobalSection
	GlobalSection(SolutionProperties) = preSolution
		HideSolutionNode = FALSE
	EndGlobalSection
	GlobalSection(ExtensibilityGlobals) = postSolution
		SolutionGuid = {EA10BB9B-92D2-421C-A78E-74C83657D5E9}
	EndGlobalSection
EndGlobal
